
Microsoft Visual Studio Solution File, Format Version 12.00
# Visual Studio Version 17
VisualStudioVersion = 17.10.35013.160
MinimumVisualStudioVersion = 10.0.40219.1
Project("{FAE04EC0-301F-11D3-BF4B-00C04F79EFBC}") = "Sales_NET8.Web", "Sales_NET8.Web\Sales_NET8.Web.csproj", "{BE6F5B74-2ABB-4CA2-A321-FDFF8C7095FE}"
EndProject
Global
	GlobalSection(SolutionConfigurationPlatforms) = preSolution
		Debug|Any CPU = Debug|Any CPU
		Release|Any CPU = Release|Any CPU
	EndGlobalSection
	GlobalSection(ProjectConfigurationPlatforms) = postSolution
		{BE6F5B74-2ABB-4CA2-A321-FDFF8C7095FE}.Debug|Any CPU.ActiveCfg = Debug|Any CPU
		{BE6F5B74-2ABB-4CA2-A321-FDFF8C7095FE}.Debug|Any CPU.Build.0 = Debug|Any CPU
		{BE6F5B74-2ABB-4CA2-A321-FDFF8C7095FE}.Release|Any CPU.ActiveCfg = Release|Any CPU
		{BE6F5B74-2ABB-4CA2-A321-FDFF8C7095FE}.Release|Any CPU.Build.0 = Release|Any CPU
	EndGlobalSection
	GlobalSection(SolutionProperties) = preSolution
		HideSolutionNode = FALSE
	EndGlobalSection
	GlobalSection(ExtensibilityGlobals) = postSolution
		SolutionGuid = {44040CB8-453E-42AD-9C0B-E170EE025053}
	EndGlobalSection
EndGlobal
